{
  "name": "geoscience_highschool_lessson",
  "version": "1.0.0",
  "lockfileVersion": 3,
  "requires": true,
  "packages": {
    "": {
      "name": "geoscience_highschool_lessson",
      "version": "1.0.0",
      "license": "ISC",
      "dependencies": {
        "@dogatana/honkit-plugin-back-to-top-button": "^1.0.0"
      },
      "devDependencies": {}
    },
    "node_modules/@dogatana/honkit-plugin-back-to-top-button": {
      "version": "1.0.0",
      "resolved": "https://registry.npmjs.org/@dogatana/honkit-plugin-back-to-top-button/-/honkit-plugin-back-to-top-button-1.0.0.tgz",
      "integrity": "sha512-trhiP2mwm1KEs2MNdAbMHb5N8BIaOsy55CMzBcsFOE22ZgLZvrKABpq3ICcyd0cpAOpi391usI97Iptxb72zzQ==",
      "license": "Apache-2.0",
      "engines": {
        "gitbook": ">=3.1.1"
      }
    }
  }
}
